
Microsoft Visual Studio Solution File, Format Version 12.00
# Visual Studio Version 17
VisualStudioVersion = 17.0.31903.59
MinimumVisualStudioVersion = 10.0.40219.1
Project("{FAE04EC0-301F-11D3-BF4B-00C04F79EFBC}") = "Domain", "Domain\Domain.csproj", "{65345A85-6357-4E5C-B248-04C85B640721}"
EndProject
Project("{FAE04EC0-301F-11D3-BF4B-00C04F79EFBC}") = "Application", "Application\Application.csproj", "{B31F7170-6CF2-4FEA-8DC1-65A866484307}"
EndProject
Project("{FAE04EC0-301F-11D3-BF4B-00C04F79EFBC}") = "Infrastructure", "Infrastructure\Infrastructure.csproj", "{BA568993-78BE-4EC4-9596-96A7DB45BA85}"
EndProject
Project("{FAE04EC0-301F-11D3-BF4B-00C04F79EFBC}") = "API", "API\API.csproj", "{086AA5C1-A4F2-42B4-A8E8-4602F27F299F}"
EndProject
Global
	GlobalSection(SolutionConfigurationPlatforms) = preSolution
		Debug|Any CPU = Debug|Any CPU
		Release|Any CPU = Release|Any CPU
	EndGlobalSection
	GlobalSection(SolutionProperties) = preSolution
		HideSolutionNode = FALSE
	EndGlobalSection
	GlobalSection(ProjectConfigurationPlatforms) = postSolution
		{65345A85-6357-4E5C-B248-04C85B640721}.Debug|Any CPU.ActiveCfg = Debug|Any CPU
		{65345A85-6357-4E5C-B248-04C85B640721}.Debug|Any CPU.Build.0 = Debug|Any CPU
		{65345A85-6357-4E5C-B248-04C85B640721}.Release|Any CPU.ActiveCfg = Release|Any CPU
		{65345A85-6357-4E5C-B248-04C85B640721}.Release|Any CPU.Build.0 = Release|Any CPU
		{B31F7170-6CF2-4FEA-8DC1-65A866484307}.Debug|Any CPU.ActiveCfg = Debug|Any CPU
		{B31F7170-6CF2-4FEA-8DC1-65A866484307}.Debug|Any CPU.Build.0 = Debug|Any CPU
		{B31F7170-6CF2-4FEA-8DC1-65A866484307}.Release|Any CPU.ActiveCfg = Release|Any CPU
		{B31F7170-6CF2-4FEA-8DC1-65A866484307}.Release|Any CPU.Build.0 = Release|Any CPU
		{BA568993-78BE-4EC4-9596-96A7DB45BA85}.Debug|Any CPU.ActiveCfg = Debug|Any CPU
		{BA568993-78BE-4EC4-9596-96A7DB45BA85}.Debug|Any CPU.Build.0 = Debug|Any CPU
		{BA568993-78BE-4EC4-9596-96A7DB45BA85}.Release|Any CPU.ActiveCfg = Release|Any CPU
		{BA568993-78BE-4EC4-9596-96A7DB45BA85}.Release|Any CPU.Build.0 = Release|Any CPU
		{086AA5C1-A4F2-42B4-A8E8-4602F27F299F}.Debug|Any CPU.ActiveCfg = Debug|Any CPU
		{086AA5C1-A4F2-42B4-A8E8-4602F27F299F}.Debug|Any CPU.Build.0 = Debug|Any CPU
		{086AA5C1-A4F2-42B4-A8E8-4602F27F299F}.Release|Any CPU.ActiveCfg = Release|Any CPU
		{086AA5C1-A4F2-42B4-A8E8-4602F27F299F}.Release|Any CPU.Build.0 = Release|Any CPU
	EndGlobalSection
EndGlobal
